
Microsoft Visual Studio Solution File, Format Version 12.00
# Visual Studio Version 17
VisualStudioVersion = 17.13.35825.156 d17.13
MinimumVisualStudioVersion = 10.0.40219.1
Project("{FAE04EC0-301F-11D3-BF4B-00C04F79EFBC}") = "EmploeesApp", "EmploeesApp\EmploeesApp.csproj", "{7DEDD059-3E8A-4B96-AE72-5018237892E2}"
EndProject
Global
	GlobalSection(SolutionConfigurationPlatforms) = preSolution
		Debug|Any CPU = Debug|Any CPU
		Release|Any CPU = Release|Any CPU
	EndGlobalSection
	GlobalSection(ProjectConfigurationPlatforms) = postSolution
		{7DEDD059-3E8A-4B96-AE72-5018237892E2}.Debug|Any CPU.ActiveCfg = Debug|Any CPU
		{7DEDD059-3E8A-4B96-AE72-5018237892E2}.Debug|Any CPU.Build.0 = Debug|Any CPU
		{7DEDD059-3E8A-4B96-AE72-5018237892E2}.Release|Any CPU.ActiveCfg = Release|Any CPU
		{7DEDD059-3E8A-4B96-AE72-5018237892E2}.Release|Any CPU.Build.0 = Release|Any CPU
	EndGlobalSection
	GlobalSection(SolutionProperties) = preSolution
		HideSolutionNode = FALSE
	EndGlobalSection
	GlobalSection(ExtensibilityGlobals) = postSolution
		SolutionGuid = {B55AD86C-BF98-4FC2-B249-308C1811977B}
	EndGlobalSection
EndGlobal
